{
  "name": "token-usage-insights",
  "version": "0.9.4",
  "lockfileVersion": 3,
  "requires": true,
  "packages": {
    "": {
      "name": "token-usage-insights",
      "version": "0.9.4",
      "license": "MIT",
      "bin": {
        "token-usage-insights": "npm/cli.cjs"
      },
      "engines": {
        "node": ">=18.18"
      }
    }
  }
}
